
Microsoft Visual Studio Solution File, Format Version 12.00
# Visual Studio Version 16
VisualStudioVersion = 16.0.31005.135
MinimumVisualStudioVersion = 10.0.40219.1
Project("{9A19103F-16F7-4668-BE54-9A1E7A4F7556}") = "Kwetter.Services.KweetService.Rest", "Services\KweetService\Rest\Kwetter.Services.KweetService.Rest.csproj", "{31EDAF79-0962-4C49-B763-15CE431C13CF}"
EndProject
Project("{2150E333-8FDC-42A3-9474-1A3956D46DE8}") = "Services", "Services", "{7A384AA0-1FF8-4D95-BD5B-738CB040F996}"
EndProject
Project("{2150E333-8FDC-42A3-9474-1A3956D46DE8}") = "KweetService", "KweetService", "{283D32AC-55AB-42C3-BDD7-A887AD119BBC}"
EndProject
Project("{9A19103F-16F7-4668-BE54-9A1E7A4F7556}") = "Kwetter.Services.KweetService.Domain", "Services\KweetService\Domain\Kwetter.Services.KweetService.Domain.csproj", "{35F156CF-EFEA-4F13-BE8E-D81FA01EEE24}"
EndProject
Project("{9A19103F-16F7-4668-BE54-9A1E7A4F7556}") = "Kwetter.Services.KweetService.Tests", "Services\KweetService\Tests\Kwetter.Services.KweetService.Tests.csproj", "{CF4C3E6C-E1C5-4C6F-B457-AADD4B37B97A}"
EndProject
Project("{2150E333-8FDC-42A3-9474-1A3956D46DE8}") = "Gateway", "Gateway", "{F22525BB-B2DE-4ECC-BB9C-AED7FBB4552C}"
EndProject
Project("{9A19103F-16F7-4668-BE54-9A1E7A4F7556}") = "KwetterAPIGateway", "Gateway\KwetterAPIGateway\KwetterAPIGateway.csproj", "{5A4738D5-0DD5-4005-944C-53A034CF41AD}"
EndProject
Project("{2150E333-8FDC-42A3-9474-1A3956D46DE8}") = "AuthService", "AuthService", "{C572D44D-1A6A-4E59-B3FE-C7B287F05665}"
EndProject
Project("{2150E333-8FDC-42A3-9474-1A3956D46DE8}") = "ProfileService", "ProfileService", "{11F18314-5924-460F-A1CB-40AFE70F9F24}"
EndProject
Project("{2150E333-8FDC-42A3-9474-1A3956D46DE8}") = "TrendingService", "TrendingService", "{AFED46AD-38D6-41B7-B393-F79487F743AF}"
EndProject
Project("{2150E333-8FDC-42A3-9474-1A3956D46DE8}") = "TimelineService", "TimelineService", "{0A169538-EC64-44BB-8F39-B0FFE5A0C5DA}"
EndProject
Project("{2150E333-8FDC-42A3-9474-1A3956D46DE8}") = "FollowerService", "FollowerService", "{D116ED4E-7243-483A-80BC-13E0B3FFB91C}"
EndProject
Project("{2150E333-8FDC-42A3-9474-1A3956D46DE8}") = "ModerationService", "ModerationService", "{7F591770-C6BC-496F-BC30-C65636A6EAC2}"
EndProject
Project("{9A19103F-16F7-4668-BE54-9A1E7A4F7556}") = "Kwetter.Services.AuthService.Rest", "Services\AuthService\Rest\Kwetter.Services.AuthService.Rest.csproj", "{081A55E9-494A-4DC4-AE15-D63DF28F8A11}"
EndProject
Project("{9A19103F-16F7-4668-BE54-9A1E7A4F7556}") = "Kwetter.Services.AuthService.Application", "Services\AuthService\Application\Kwetter.Services.AuthService.Application.csproj", "{07EFD5B0-43F0-40CD-91F7-9703E8869616}"
EndProject
Project("{9A19103F-16F7-4668-BE54-9A1E7A4F7556}") = "Kwetter.Services.AuthService.Domain", "Services\AuthService\Domain\Kwetter.Services.AuthService.Domain.csproj", "{DF53E11B-7650-4F9B-B18F-62211314EFB8}"
EndProject
Project("{9A19103F-16F7-4668-BE54-9A1E7A4F7556}") = "Kwetter.Services.AuthService.Persistence", "Services\AuthService\Persistence\Kwetter.Services.AuthService.Persistence.csproj", "{D9520A82-493B-4659-B322-2DA7CA3A1471}"
EndProject
Project("{FAE04EC0-301F-11D3-BF4B-00C04F79EFBC}") = "Kwetter.Services.AuthService.Tests", "Services\AuthService\Tests\Kwetter.Services.AuthService.Tests.csproj", "{2921E492-A191-456E-A32A-5B1EC756AF9B}"
EndProject
Project("{FAE04EC0-301F-11D3-BF4B-00C04F79EFBC}") = "Kwetter.Services.KweetService.Application", "Services\KweetService\Application\Kwetter.Services.KweetService.Application.csproj", "{110E889D-5C9C-4C6C-A084-C6D62A68389D}"
EndProject
Project("{FAE04EC0-301F-11D3-BF4B-00C04F79EFBC}") = "Kwetter.Services.KweetService.Persistence", "Services\KweetService\Persistence\Kwetter.Services.KweetService.Persistence.csproj", "{ADB96172-1DE0-4C5D-90AC-78BD286012FC}"
EndProject
Global
	GlobalSection(SolutionConfigurationPlatforms) = preSolution
		Debug|Any CPU = Debug|Any CPU
		Release|Any CPU = Release|Any CPU
	EndGlobalSection
	GlobalSection(ProjectConfigurationPlatforms) = postSolution
		{31EDAF79-0962-4C49-B763-15CE431C13CF}.Debug|Any CPU.ActiveCfg = Debug|Any CPU
		{31EDAF79-0962-4C49-B763-15CE431C13CF}.Debug|Any CPU.Build.0 = Debug|Any CPU
		{31EDAF79-0962-4C49-B763-15CE431C13CF}.Release|Any CPU.ActiveCfg = Release|Any CPU
		{31EDAF79-0962-4C49-B763-15CE431C13CF}.Release|Any CPU.Build.0 = Release|Any CPU
		{35F156CF-EFEA-4F13-BE8E-D81FA01EEE24}.Debug|Any CPU.ActiveCfg = Debug|Any CPU
		{35F156CF-EFEA-4F13-BE8E-D81FA01EEE24}.Debug|Any CPU.Build.0 = Debug|Any CPU
		{35F156CF-EFEA-4F13-BE8E-D81FA01EEE24}.Release|Any CPU.ActiveCfg = Release|Any CPU
		{35F156CF-EFEA-4F13-BE8E-D81FA01EEE24}.Release|Any CPU.Build.0 = Release|Any CPU
		{CF4C3E6C-E1C5-4C6F-B457-AADD4B37B97A}.Debug|Any CPU.ActiveCfg = Debug|Any CPU
		{CF4C3E6C-E1C5-4C6F-B457-AADD4B37B97A}.Debug|Any CPU.Build.0 = Debug|Any CPU
		{CF4C3E6C-E1C5-4C6F-B457-AADD4B37B97A}.Release|Any CPU.ActiveCfg = Release|Any CPU
		{CF4C3E6C-E1C5-4C6F-B457-AADD4B37B97A}.Release|Any CPU.Build.0 = Release|Any CPU
		{5A4738D5-0DD5-4005-944C-53A034CF41AD}.Debug|Any CPU.ActiveCfg = Debug|Any CPU
		{5A4738D5-0DD5-4005-944C-53A034CF41AD}.Debug|Any CPU.Build.0 = Debug|Any CPU
		{5A4738D5-0DD5-4005-944C-53A034CF41AD}.Release|Any CPU.ActiveCfg = Release|Any CPU
		{5A4738D5-0DD5-4005-944C-53A034CF41AD}.Release|Any CPU.Build.0 = Release|Any CPU
		{081A55E9-494A-4DC4-AE15-D63DF28F8A11}.Debug|Any CPU.ActiveCfg = Debug|Any CPU
		{081A55E9-494A-4DC4-AE15-D63DF28F8A11}.Debug|Any CPU.Build.0 = Debug|Any CPU
		{081A55E9-494A-4DC4-AE15-D63DF28F8A11}.Release|Any CPU.ActiveCfg = Release|Any CPU
		{081A55E9-494A-4DC4-AE15-D63DF28F8A11}.Release|Any CPU.Build.0 = Release|Any CPU
		{07EFD5B0-43F0-40CD-91F7-9703E8869616}.Debug|Any CPU.ActiveCfg = Debug|Any CPU
		{07EFD5B0-43F0-40CD-91F7-9703E8869616}.Debug|Any CPU.Build.0 = Debug|Any CPU
		{07EFD5B0-43F0-40CD-91F7-9703E8869616}.Release|Any CPU.ActiveCfg = Release|Any CPU
		{07EFD5B0-43F0-40CD-91F7-9703E8869616}.Release|Any CPU.Build.0 = Release|Any CPU
		{DF53E11B-7650-4F9B-B18F-62211314EFB8}.Debug|Any CPU.ActiveCfg = Debug|Any CPU
		{DF53E11B-7650-4F9B-B18F-62211314EFB8}.Debug|Any CPU.Build.0 = Debug|Any CPU
		{DF53E11B-7650-4F9B-B18F-62211314EFB8}.Release|Any CPU.ActiveCfg = Release|Any CPU
		{DF53E11B-7650-4F9B-B18F-62211314EFB8}.Release|Any CPU.Build.0 = Release|Any CPU
		{D9520A82-493B-4659-B322-2DA7CA3A1471}.Debug|Any CPU.ActiveCfg = Debug|Any CPU
		{D9520A82-493B-4659-B322-2DA7CA3A1471}.Debug|Any CPU.Build.0 = Debug|Any CPU
		{D9520A82-493B-4659-B322-2DA7CA3A1471}.Release|Any CPU.ActiveCfg = Release|Any CPU
		{D9520A82-493B-4659-B322-2DA7CA3A1471}.Release|Any CPU.Build.0 = Release|Any CPU
		{2921E492-A191-456E-A32A-5B1EC756AF9B}.Debug|Any CPU.ActiveCfg = Debug|Any CPU
		{2921E492-A191-456E-A32A-5B1EC756AF9B}.Debug|Any CPU.Build.0 = Debug|Any CPU
		{2921E492-A191-456E-A32A-5B1EC756AF9B}.Release|Any CPU.ActiveCfg = Release|Any CPU
		{2921E492-A191-456E-A32A-5B1EC756AF9B}.Release|Any CPU.Build.0 = Release|Any CPU
		{110E889D-5C9C-4C6C-A084-C6D62A68389D}.Debug|Any CPU.ActiveCfg = Debug|Any CPU
		{110E889D-5C9C-4C6C-A084-C6D62A68389D}.Debug|Any CPU.Build.0 = Debug|Any CPU
		{110E889D-5C9C-4C6C-A084-C6D62A68389D}.Release|Any CPU.ActiveCfg = Release|Any CPU
		{110E889D-5C9C-4C6C-A084-C6D62A68389D}.Release|Any CPU.Build.0 = Release|Any CPU
		{ADB96172-1DE0-4C5D-90AC-78BD286012FC}.Debug|Any CPU.ActiveCfg = Debug|Any CPU
		{ADB96172-1DE0-4C5D-90AC-78BD286012FC}.Debug|Any CPU.Build.0 = Debug|Any CPU
		{ADB96172-1DE0-4C5D-90AC-78BD286012FC}.Release|Any CPU.ActiveCfg = Release|Any CPU
		{ADB96172-1DE0-4C5D-90AC-78BD286012FC}.Release|Any CPU.Build.0 = Release|Any CPU
	EndGlobalSection
	GlobalSection(SolutionProperties) = preSolution
		HideSolutionNode = FALSE
	EndGlobalSection
	GlobalSection(NestedProjects) = preSolution
		{31EDAF79-0962-4C49-B763-15CE431C13CF} = {283D32AC-55AB-42C3-BDD7-A887AD119BBC}
		{283D32AC-55AB-42C3-BDD7-A887AD119BBC} = {7A384AA0-1FF8-4D95-BD5B-738CB040F996}
		{35F156CF-EFEA-4F13-BE8E-D81FA01EEE24} = {283D32AC-55AB-42C3-BDD7-A887AD119BBC}
		{CF4C3E6C-E1C5-4C6F-B457-AADD4B37B97A} = {283D32AC-55AB-42C3-BDD7-A887AD119BBC}
		{5A4738D5-0DD5-4005-944C-53A034CF41AD} = {F22525BB-B2DE-4ECC-BB9C-AED7FBB4552C}
		{C572D44D-1A6A-4E59-B3FE-C7B287F05665} = {7A384AA0-1FF8-4D95-BD5B-738CB040F996}
		{11F18314-5924-460F-A1CB-40AFE70F9F24} = {7A384AA0-1FF8-4D95-BD5B-738CB040F996}
		{AFED46AD-38D6-41B7-B393-F79487F743AF} = {7A384AA0-1FF8-4D95-BD5B-738CB040F996}
		{0A169538-EC64-44BB-8F39-B0FFE5A0C5DA} = {7A384AA0-1FF8-4D95-BD5B-738CB040F996}
		{D116ED4E-7243-483A-80BC-13E0B3FFB91C} = {7A384AA0-1FF8-4D95-BD5B-738CB040F996}
		{7F591770-C6BC-496F-BC30-C65636A6EAC2} = {7A384AA0-1FF8-4D95-BD5B-738CB040F996}
		{081A55E9-494A-4DC4-AE15-D63DF28F8A11} = {C572D44D-1A6A-4E59-B3FE-C7B287F05665}
		{07EFD5B0-43F0-40CD-91F7-9703E8869616} = {C572D44D-1A6A-4E59-B3FE-C7B287F05665}
		{DF53E11B-7650-4F9B-B18F-62211314EFB8} = {C572D44D-1A6A-4E59-B3FE-C7B287F05665}
		{D9520A82-493B-4659-B322-2DA7CA3A1471} = {C572D44D-1A6A-4E59-B3FE-C7B287F05665}
		{2921E492-A191-456E-A32A-5B1EC756AF9B} = {C572D44D-1A6A-4E59-B3FE-C7B287F05665}
		{110E889D-5C9C-4C6C-A084-C6D62A68389D} = {283D32AC-55AB-42C3-BDD7-A887AD119BBC}
		{ADB96172-1DE0-4C5D-90AC-78BD286012FC} = {283D32AC-55AB-42C3-BDD7-A887AD119BBC}
	EndGlobalSection
	GlobalSection(ExtensibilityGlobals) = postSolution
		SolutionGuid = {C7E892FC-EC89-48D2-9F62-7F40CFD94119}
	EndGlobalSection
EndGlobal
